// !$*UTF8*$!
{
	archiveVersion = 1;
	classes = {
	};
	objectVersion = 46;
	objects = {

/* Begin PBXBuildFile section */
		90606AD61E97E58F00471D87 /* SMSVerification.swift in Sources */ = {isa = PBXBuildFile; fileRef = 90606AD51E97E58F00471D87 /* SMSVerification.swift */; };
		90606AD81E98B14C00471D87 /* CarData.swift in Sources */ = {isa = PBXBuildFile; fileRef = 90606AD71E98B14C00471D87 /* CarData.swift */; };
		90606ADA1E98C31700471D87 /* placeholder.jpg in Resources */ = {isa = PBXBuildFile; fileRef = 90606AD91E98C31700471D87 /* placeholder.jpg */; };
		90606ADC1E98E9FC00471D87 /* CarDetails.swift in Sources */ = {isa = PBXBuildFile; fileRef = 90606ADB1E98E9FC00471D87 /* CarDetails.swift */; };
		90606ADF1E990C6C00471D87 /* callButton.png in Resources */ = {isa = PBXBuildFile; fileRef = 90606ADD1E990C6C00471D87 /* callButton.png */; };
		90606AE01E990C6C00471D87 /* image_placeholder.png in Resources */ = {isa = PBXBuildFile; fileRef = 90606ADE1E990C6C00471D87 /* image_placeholder.png */; };
		90606AE21E991A8200471D87 /* PublicationData.swift in Sources */ = {isa = PBXBuildFile; fileRef = 90606AE11E991A8200471D87 /* PublicationData.swift */; };
		90606AE41E991A9100471D87 /* Publication.swift in Sources */ = {isa = PBXBuildFile; fileRef = 90606AE31E991A9100471D87 /* Publication.swift */; };
		90606AE61E991AB200471D87 /* MyPublications.swift in Sources */ = {isa = PBXBuildFile; fileRef = 90606AE51E991AB200471D87 /* MyPublications.swift */; };
		908A63601E9927800015F4AF /* myPubs.png in Resources */ = {isa = PBXBuildFile; fileRef = 908A635E1E9927800015F4AF /* myPubs.png */; };
		908A63611E9927800015F4AF /* nearest.png in Resources */ = {isa = PBXBuildFile; fileRef = 908A635F1E9927800015F4AF /* nearest.png */; };
		908A63631E992E6D0015F4AF /* SetCoordinates.swift in Sources */ = {isa = PBXBuildFile; fileRef = 908A63621E992E6D0015F4AF /* SetCoordinates.swift */; };
		908A63651E9930EF0015F4AF /* location.png in Resources */ = {isa = PBXBuildFile; fileRef = 908A63641E9930EF0015F4AF /* location.png */; };
		908A63671E99325F0015F4AF /* CarPlacement.swift in Sources */ = {isa = PBXBuildFile; fileRef = 908A63661E99325F0015F4AF /* CarPlacement.swift */; };
		908A63691E9934D20015F4AF /* VSMapView.swift in Sources */ = {isa = PBXBuildFile; fileRef = 908A63681E9934D20015F4AF /* VSMapView.swift */; };
		908A636B1E9940270015F4AF /* CarFilter.swift in Sources */ = {isa = PBXBuildFile; fileRef = 908A636A1E9940270015F4AF /* CarFilter.swift */; };
		908A636D1E994CDE0015F4AF /* AddPublication.swift in Sources */ = {isa = PBXBuildFile; fileRef = 908A636C1E994CDE0015F4AF /* AddPublication.swift */; };
		908A636F1E9A22B20015F4AF /* rectangle_orange.png in Resources */ = {isa = PBXBuildFile; fileRef = 908A636E1E9A22B20015F4AF /* rectangle_orange.png */; };
		908A63711E9A25400015F4AF /* PubDetails.swift in Sources */ = {isa = PBXBuildFile; fileRef = 908A63701E9A25400015F4AF /* PubDetails.swift */; };
		908A63741E9A393D0015F4AF /* placeLocation.png in Resources */ = {isa = PBXBuildFile; fileRef = 908A63721E9A393D0015F4AF /* placeLocation.png */; };
		908A63751E9A393D0015F4AF /* trackLocation.png in Resources */ = {isa = PBXBuildFile; fileRef = 908A63731E9A393D0015F4AF /* trackLocation.png */; };
		908A63771E9A39860015F4AF /* myLocation.png in Resources */ = {isa = PBXBuildFile; fileRef = 908A63761E9A39860015F4AF /* myLocation.png */; };
		908A63791E9A44B00015F4AF /* NearCarMap.swift in Sources */ = {isa = PBXBuildFile; fileRef = 908A63781E9A44B00015F4AF /* NearCarMap.swift */; };
		908A637B1E9A45380015F4AF /* PubWayOnMap.swift in Sources */ = {isa = PBXBuildFile; fileRef = 908A637A1E9A45380015F4AF /* PubWayOnMap.swift */; };
		908A637D1E9A99610015F4AF /* OffersList.swift in Sources */ = {isa = PBXBuildFile; fileRef = 908A637C1E9A99600015F4AF /* OffersList.swift */; };
		908A637F1E9A99860015F4AF /* OfferCell.swift in Sources */ = {isa = PBXBuildFile; fileRef = 908A637E1E9A99860015F4AF /* OfferCell.swift */; };
		9094E9BB1E9C8F3100542BD6 /* Details.swift in Sources */ = {isa = PBXBuildFile; fileRef = 9094E9BA1E9C8F3100542BD6 /* Details.swift */; };
		9094E9BD1E9CBF5500542BD6 /* location_black.png in Resources */ = {isa = PBXBuildFile; fileRef = 9094E9BC1E9CBF5500542BD6 /* location_black.png */; };
		9094E9BF1E9CC00600542BD6 /* offer_icon.png in Resources */ = {isa = PBXBuildFile; fileRef = 9094E9BE1E9CC00600542BD6 /* offer_icon.png */; };
		90AFCF241E979256009A0F67 /* AppDelegate.swift in Sources */ = {isa = PBXBuildFile; fileRef = 90AFCF231E979256009A0F67 /* AppDelegate.swift */; };
		90AFCF261E979256009A0F67 /* ViewController.swift in Sources */ = {isa = PBXBuildFile; fileRef = 90AFCF251E979256009A0F67 /* ViewController.swift */; };
		90AFCF291E979256009A0F67 /* Main.storyboard in Resources */ = {isa = PBXBuildFile; fileRef = 90AFCF271E979256009A0F67 /* Main.storyboard */; };
		90AFCF2B1E979256009A0F67 /* Assets.xcassets in Resources */ = {isa = PBXBuildFile; fileRef = 90AFCF2A1E979256009A0F67 /* Assets.xcassets */; };
		90AFCF2E1E979256009A0F67 /* LaunchScreen.storyboard in Resources */ = {isa = PBXBuildFile; fileRef = 90AFCF2C1E979256009A0F67 /* LaunchScreen.storyboard */; };
		90AFCF391E979256009A0F67 /* Truck24Tests.swift in Sources */ = {isa = PBXBuildFile; fileRef = 90AFCF381E979256009A0F67 /* Truck24Tests.swift */; };
		90AFCF441E979256009A0F67 /* Truck24UITests.swift in Sources */ = {isa = PBXBuildFile; fileRef = 90AFCF431E979256009A0F67 /* Truck24UITests.swift */; };
		90AFCF611E9792C6009A0F67 /* Agreement.swift in Sources */ = {isa = PBXBuildFile; fileRef = 90AFCF551E9792C6009A0F67 /* Agreement.swift */; };
		90AFCF621E9792C6009A0F67 /* ChooseCarType.swift in Sources */ = {isa = PBXBuildFile; fileRef = 90AFCF561E9792C6009A0F67 /* ChooseCarType.swift */; };
		90AFCF641E9792C6009A0F67 /* ChooseType.swift in Sources */ = {isa = PBXBuildFile; fileRef = 90AFCF581E9792C6009A0F67 /* ChooseType.swift */; };
		90AFCF661E9792C6009A0F67 /* Inroduction.swift in Sources */ = {isa = PBXBuildFile; fileRef = 90AFCF5A1E9792C6009A0F67 /* Inroduction.swift */; };
		90AFCF671E9792C6009A0F67 /* LogInCustomer.swift in Sources */ = {isa = PBXBuildFile; fileRef = 90AFCF5B1E9792C6009A0F67 /* LogInCustomer.swift */; };
		90AFCF681E9792C6009A0F67 /* NearList.swift in Sources */ = {isa = PBXBuildFile; fileRef = 90AFCF5C1E9792C6009A0F67 /* NearList.swift */; };
		90AFCF691E9792C6009A0F67 /* PopUpViewController.swift in Sources */ = {isa = PBXBuildFile; fileRef = 90AFCF5D1E9792C6009A0F67 /* PopUpViewController.swift */; };
		90AFCF6A1E9792C6009A0F67 /* SignInCustomer.swift in Sources */ = {isa = PBXBuildFile; fileRef = 90AFCF5E1E9792C6009A0F67 /* SignInCustomer.swift */; };
		90AFCF6B1E9792C6009A0F67 /* SignInDriver.swift in Sources */ = {isa = PBXBuildFile; fileRef = 90AFCF5F1E9792C6009A0F67 /* SignInDriver.swift */; };
		90AFCF6C1E9792C6009A0F67 /* Singleton.swift in Sources */ = {isa = PBXBuildFile; fileRef = 90AFCF601E9792C6009A0F67 /* Singleton.swift */; };
		90AFCF711E9792F1009A0F67 /* CarCell.swift in Sources */ = {isa = PBXBuildFile; fileRef = 90AFCF6D1E9792F1009A0F67 /* CarCell.swift */; };
		90AFCF721E9792F1009A0F67 /* CarShort.swift in Sources */ = {isa = PBXBuildFile; fileRef = 90AFCF6E1E9792F1009A0F67 /* CarShort.swift */; };
		90AFCF731E9792F1009A0F67 /* PublicationCell.swift in Sources */ = {isa = PBXBuildFile; fileRef = 90AFCF6F1E9792F1009A0F67 /* PublicationCell.swift */; };
		90AFCF741E9792F1009A0F67 /* TypeCell.swift in Sources */ = {isa = PBXBuildFile; fileRef = 90AFCF701E9792F1009A0F67 /* TypeCell.swift */; };
		90AFCFDA1E97DB38009A0F67 /* backButton.png in Resources */ = {isa = PBXBuildFile; fileRef = 90AFCFC51E97DB38009A0F67 /* backButton.png */; };
		90AFCFDB1E97DB38009A0F67 /* call_icon.png in Resources */ = {isa = PBXBuildFile; fileRef = 90AFCFC61E97DB38009A0F67 /* call_icon.png */; };
		90AFCFDC1E97DB38009A0F67 /* car.png in Resources */ = {isa = PBXBuildFile; fileRef = 90AFCFC71E97DB38009A0F67 /* car.png */; };
		90AFCFDD1E97DB38009A0F67 /* check.png in Resources */ = {isa = PBXBuildFile; fileRef = 90AFCFC81E97DB38009A0F67 /* check.png */; };
		90AFCFDE1E97DB38009A0F67 /* checkBlack.png in Resources */ = {isa = PBXBuildFile; fileRef = 90AFCFC91E97DB38009A0F67 /* checkBlack.png */; };
		90AFCFDF1E97DB38009A0F67 /* Checked.jpeg in Resources */ = {isa = PBXBuildFile; fileRef = 90AFCFCA1E97DB38009A0F67 /* Checked.jpeg */; };
		90AFCFE01E97DB38009A0F67 /* date.png in Resources */ = {isa = PBXBuildFile; fileRef = 90AFCFCB1E97DB38009A0F67 /* date.png */; };
		90AFCFE11E97DB38009A0F67 /* driverIntro.jpg in Resources */ = {isa = PBXBuildFile; fileRef = 90AFCFCC1E97DB38009A0F67 /* driverIntro.jpg */; };
		90AFCFE21E97DB38009A0F67 /* filter.png in Resources */ = {isa = PBXBuildFile; fileRef = 90AFCFCD1E97DB38009A0F67 /* filter.png */; };
		90AFCFE31E97DB38009A0F67 /* husan-ios.png in Resources */ = {isa = PBXBuildFile; fileRef = 90AFCFCE1E97DB38009A0F67 /* husan-ios.png */; };
		90AFCFE41E97DB38009A0F67 /* info.png in Resources */ = {isa = PBXBuildFile; fileRef = 90AFCFCF1E97DB38009A0F67 /* info.png */; };
		90AFCFE51E97DB38009A0F67 /* LongRectangle.png in Resources */ = {isa = PBXBuildFile; fileRef = 90AFCFD01E97DB38009A0F67 /* LongRectangle.png */; };
		90AFCFE61E97DB38009A0F67 /* number.png in Resources */ = {isa = PBXBuildFile; fileRef = 90AFCFD11E97DB38009A0F67 /* number.png */; };
		90AFCFE71E97DB38009A0F67 /* rectangle.png in Resources */ = {isa = PBXBuildFile; fileRef = 90AFCFD21E97DB38009A0F67 /* rectangle.png */; };
		90AFCFE81E97DB38009A0F67 /* star-gold.png in Resources */ = {isa = PBXBuildFile; fileRef = 90AFCFD31E97DB38009A0F67 /* star-gold.png */; };
		90AFCFE91E97DB38009A0F67 /* star-grey.png in Resources */ = {isa = PBXBuildFile; fileRef = 90AFCFD41E97DB38009A0F67 /* star-grey.png */; };
		90AFCFEA1E97DB38009A0F67 /* Track.png in Resources */ = {isa = PBXBuildFile; fileRef = 90AFCFD51E97DB38009A0F67 /* Track.png */; };
		90AFCFEB1E97DB38009A0F67 /* Unchecked.jpeg in Resources */ = {isa = PBXBuildFile; fileRef = 90AFCFD61E97DB38009A0F67 /* Unchecked.jpeg */; };
		90AFCFEC1E97DB38009A0F67 /* user_icon.png in Resources */ = {isa = PBXBuildFile; fileRef = 90AFCFD71E97DB38009A0F67 /* user_icon.png */; };
		90AFCFED1E97DB38009A0F67 /* UserIntro.jpeg in Resources */ = {isa = PBXBuildFile; fileRef = 90AFCFD81E97DB38009A0F67 /* UserIntro.jpeg */; };
		90AFCFEE1E97DB38009A0F67 /* weight.png in Resources */ = {isa = PBXBuildFile; fileRef = 90AFCFD91E97DB38009A0F67 /* weight.png */; };
		90E5DF511E9B4319001BBB6F /* circle_orange.png in Resources */ = {isa = PBXBuildFile; fileRef = 90E5DF4F1E9B4319001BBB6F /* circle_orange.png */; };
		90E5DF521E9B4319001BBB6F /* rectangle_grey.png in Resources */ = {isa = PBXBuildFile; fileRef = 90E5DF501E9B4319001BBB6F /* rectangle_grey.png */; };
		90E5DF541E9B590A001BBB6F /* OrderListForDriver.swift in Sources */ = {isa = PBXBuildFile; fileRef = 90E5DF531E9B590A001BBB6F /* OrderListForDriver.swift */; };
		90E5DF561E9B595B001BBB6F /* OrderForDriver.swift in Sources */ = {isa = PBXBuildFile; fileRef = 90E5DF551E9B595B001BBB6F /* OrderForDriver.swift */; };
		90E5DF581E9B5A58001BBB6F /* OrderForDriverData.swift in Sources */ = {isa = PBXBuildFile; fileRef = 90E5DF571E9B5A58001BBB6F /* OrderForDriverData.swift */; };
		90E5DF5A1E9B8970001BBB6F /* OrderDetails.swift in Sources */ = {isa = PBXBuildFile; fileRef = 90E5DF591E9B8970001BBB6F /* OrderDetails.swift */; };
		90E5DF5C1E9BDA00001BBB6F /* OfferDetails.swift in Sources */ = {isa = PBXBuildFile; fileRef = 90E5DF5B1E9BDA00001BBB6F /* OfferDetails.swift */; };
		90E5DF5E1E9BDCFA001BBB6F /* Settings.swift in Sources */ = {isa = PBXBuildFile; fileRef = 90E5DF5D1E9BDCFA001BBB6F /* Settings.swift */; };
		90E5DF601E9BE158001BBB6F /* draw-back-sam.jpg in Resources */ = {isa = PBXBuildFile; fileRef = 90E5DF5F1E9BE158001BBB6F /* draw-back-sam.jpg */; };
		90E5DF661E9BE324001BBB6F /* done.png in Resources */ = {isa = PBXBuildFile; fileRef = 90E5DF611E9BE324001BBB6F /* done.png */; };
		90E5DF671E9BE324001BBB6F /* help.png in Resources */ = {isa = PBXBuildFile; fileRef = 90E5DF621E9BE324001BBB6F /* help.png */; };
		90E5DF681E9BE324001BBB6F /* inProcess.png in Resources */ = {isa = PBXBuildFile; fileRef = 90E5DF631E9BE324001BBB6F /* inProcess.png */; };
		90E5DF691E9BE324001BBB6F /* setting.png in Resources */ = {isa = PBXBuildFile; fileRef = 90E5DF641E9BE324001BBB6F /* setting.png */; };
		90E5DF6A1E9BE324001BBB6F /* user_icon_whte.png in Resources */ = {isa = PBXBuildFile; fileRef = 90E5DF651E9BE324001BBB6F /* user_icon_whte.png */; };
		90E5DF6C1E9BF08F001BBB6F /* list.png in Resources */ = {isa = PBXBuildFile; fileRef = 90E5DF6B1E9BF08F001BBB6F /* list.png */; };
/* End PBXBuildFile section */

/* Begin PBXContainerItemProxy section */
		90AFCF351E979256009A0F67 /* PBXContainerItemProxy */ = {
			isa = PBXContainerItemProxy;
			containerPortal = 90AFCF181E979256009A0F67 /* Project object */;
			proxyType = 1;
			remoteGlobalIDString = 90AFCF1F1E979256009A0F67;
			remoteInfo = Truck24;
		};
		90AFCF401E979256009A0F67 /* PBXContainerItemProxy */ = {
			isa = PBXContainerItemProxy;
			containerPortal = 90AFCF181E979256009A0F67 /* Project object */;
			proxyType = 1;
			remoteGlobalIDString = 90AFCF1F1E979256009A0F67;
			remoteInfo = Truck24;
		};
/* End PBXContainerItemProxy section */

/* Begin PBXFileReference section */
		90606AD51E97E58F00471D87 /* SMSVerification.swift */ = {isa = PBXFileReference; fileEncoding = 4; lastKnownFileType = sourcecode.swift; path = SMSVerification.swift; sourceTree = "<group>"; };
		90606AD71E98B14C00471D87 /* CarData.swift */ = {isa = PBXFileReference; fileEncoding = 4; lastKnownFileType = sourcecode.swift; path = CarData.swift; sourceTree = "<group>"; };
		90606AD91E98C31700471D87 /* placeholder.jpg */ = {isa = PBXFileReference; lastKnownFileType = image.jpeg; name = placeholder.jpg; path = Cach/placeholder.jpg; sourceTree = SOURCE_ROOT; };
		90606ADB1E98E9FC00471D87 /* CarDetails.swift */ = {isa = PBXFileReference; fileEncoding = 4; lastKnownFileType = sourcecode.swift; path = CarDetails.swift; sourceTree = "<group>"; };
		90606ADD1E990C6C00471D87 /* callButton.png */ = {isa = PBXFileReference; lastKnownFileType = image.png; name = callButton.png; path = Cach/callButton.png; sourceTree = SOURCE_ROOT; };
		90606ADE1E990C6C00471D87 /* image_placeholder.png */ = {isa = PBXFileReference; lastKnownFileType = image.png; name = image_placeholder.png; path = Cach/image_placeholder.png; sourceTree = SOURCE_ROOT; };
		90606AE11E991A8200471D87 /* PublicationData.swift */ = {isa = PBXFileReference; fileEncoding = 4; lastKnownFileType = sourcecode.swift; path = PublicationData.swift; sourceTree = "<group>"; };
		90606AE31E991A9100471D87 /* Publication.swift */ = {isa = PBXFileReference; fileEncoding = 4; lastKnownFileType = sourcecode.swift; path = Publication.swift; sourceTree = "<group>"; };
		90606AE51E991AB200471D87 /* MyPublications.swift */ = {isa = PBXFileReference; fileEncoding = 4; lastKnownFileType = sourcecode.swift; path = MyPublications.swift; sourceTree = "<group>"; };
		908A635E1E9927800015F4AF /* myPubs.png */ = {isa = PBXFileReference; lastKnownFileType = image.png; name = myPubs.png; path = Cach/myPubs.png; sourceTree = SOURCE_ROOT; };
		908A635F1E9927800015F4AF /* nearest.png */ = {isa = PBXFileReference; lastKnownFileType = image.png; name = nearest.png; path = Cach/nearest.png; sourceTree = SOURCE_ROOT; };
		908A63621E992E6D0015F4AF /* SetCoordinates.swift */ = {isa = PBXFileReference; fileEncoding = 4; lastKnownFileType = sourcecode.swift; path = SetCoordinates.swift; sourceTree = "<group>"; };
		908A63641E9930EF0015F4AF /* location.png */ = {isa = PBXFileReference; lastKnownFileType = image.png; name = location.png; path = Cach/location.png; sourceTree = SOURCE_ROOT; };
		908A63661E99325F0015F4AF /* CarPlacement.swift */ = {isa = PBXFileReference; fileEncoding = 4; lastKnownFileType = sourcecode.swift; path = CarPlacement.swift; sourceTree = "<group>"; };
		908A63681E9934D20015F4AF /* VSMapView.swift */ = {isa = PBXFileReference; fileEncoding = 4; lastKnownFileType = sourcecode.swift; path = VSMapView.swift; sourceTree = "<group>"; };
		908A636A1E9940270015F4AF /* CarFilter.swift */ = {isa = PBXFileReference; fileEncoding = 4; lastKnownFileType = sourcecode.swift; path = CarFilter.swift; sourceTree = "<group>"; };
		908A636C1E994CDE0015F4AF /* AddPublication.swift */ = {isa = PBXFileReference; fileEncoding = 4; lastKnownFileType = sourcecode.swift; path = AddPublication.swift; sourceTree = "<group>"; };
		908A636E1E9A22B20015F4AF /* rectangle_orange.png */ = {isa = PBXFileReference; lastKnownFileType = image.png; name = rectangle_orange.png; path = Cach/rectangle_orange.png; sourceTree = SOURCE_ROOT; };
		908A63701E9A25400015F4AF /* PubDetails.swift */ = {isa = PBXFileReference; fileEncoding = 4; lastKnownFileType = sourcecode.swift; path = PubDetails.swift; sourceTree = "<group>"; };
		908A63721E9A393D0015F4AF /* placeLocation.png */ = {isa = PBXFileReference; lastKnownFileType = image.png; name = placeLocation.png; path = Cach/placeLocation.png; sourceTree = SOURCE_ROOT; };
		908A63731E9A393D0015F4AF /* trackLocation.png */ = {isa = PBXFileReference; lastKnownFileType = image.png; name = trackLocation.png; path = Cach/trackLocation.png; sourceTree = SOURCE_ROOT; };
		908A63761E9A39860015F4AF /* myLocation.png */ = {isa = PBXFileReference; lastKnownFileType = image.png; name = myLocation.png; path = Cach/myLocation.png; sourceTree = SOURCE_ROOT; };
		908A63781E9A44B00015F4AF /* NearCarMap.swift */ = {isa = PBXFileReference; fileEncoding = 4; lastKnownFileType = sourcecode.swift; path = NearCarMap.swift; sourceTree = "<group>"; };
		908A637A1E9A45380015F4AF /* PubWayOnMap.swift */ = {isa = PBXFileReference; fileEncoding = 4; lastKnownFileType = sourcecode.swift; path = PubWayOnMap.swift; sourceTree = "<group>"; };
		908A637C1E9A99600015F4AF /* OffersList.swift */ = {isa = PBXFileReference; fileEncoding = 4; lastKnownFileType = sourcecode.swift; path = OffersList.swift; sourceTree = "<group>"; };
		908A637E1E9A99860015F4AF /* OfferCell.swift */ = {isa = PBXFileReference; fileEncoding = 4; lastKnownFileType = sourcecode.swift; path = OfferCell.swift; sourceTree = "<group>"; };
		9094E9BA1E9C8F3100542BD6 /* Details.swift */ = {isa = PBXFileReference; fileEncoding = 4; lastKnownFileType = sourcecode.swift; path = Details.swift; sourceTree = "<group>"; };
		9094E9BC1E9CBF5500542BD6 /* location_black.png */ = {isa = PBXFileReference; lastKnownFileType = image.png; name = location_black.png; path = Cach/location_black.png; sourceTree = SOURCE_ROOT; };
		9094E9BE1E9CC00600542BD6 /* offer_icon.png */ = {isa = PBXFileReference; lastKnownFileType = image.png; name = offer_icon.png; path = Cach/offer_icon.png; sourceTree = SOURCE_ROOT; };
		90AFCF201E979256009A0F67 /* Truck24.app */ = {isa = PBXFileReference; explicitFileType = wrapper.application; includeInIndex = 0; path = Truck24.app; sourceTree = BUILT_PRODUCTS_DIR; };
		90AFCF231E979256009A0F67 /* AppDelegate.swift */ = {isa = PBXFileReference; lastKnownFileType = sourcecode.swift; path = AppDelegate.swift; sourceTree = "<group>"; };
		90AFCF251E979256009A0F67 /* ViewController.swift */ = {isa = PBXFileReference; lastKnownFileType = sourcecode.swift; path = ViewController.swift; sourceTree = "<group>"; };
		90AFCF281E979256009A0F67 /* Base */ = {isa = PBXFileReference; lastKnownFileType = file.storyboard; name = Base; path = Base.lproj/Main.storyboard; sourceTree = "<group>"; };
		90AFCF2A1E979256009A0F67 /* Assets.xcassets */ = {isa = PBXFileReference; lastKnownFileType = folder.assetcatalog; path = Assets.xcassets; sourceTree = "<group>"; };
		90AFCF2D1E979256009A0F67 /* Base */ = {isa = PBXFileReference; lastKnownFileType = file.storyboard; name = Base; path = Base.lproj/LaunchScreen.storyboard; sourceTree = "<group>"; };
		90AFCF2F1E979256009A0F67 /* Info.plist */ = {isa = PBXFileReference; lastKnownFileType = text.plist.xml; path = Info.plist; sourceTree = "<group>"; };
		90AFCF341E979256009A0F67 /* Truck24Tests.xctest */ = {isa = PBXFileReference; explicitFileType = wrapper.cfbundle; includeInIndex = 0; path = Truck24Tests.xctest; sourceTree = BUILT_PRODUCTS_DIR; };
		90AFCF381E979256009A0F67 /* Truck24Tests.swift */ = {isa = PBXFileReference; lastKnownFileType = sourcecode.swift; path = Truck24Tests.swift; sourceTree = "<group>"; };
		90AFCF3A1E979256009A0F67 /* Info.plist */ = {isa = PBXFileReference; lastKnownFileType = text.plist.xml; path = Info.plist; sourceTree = "<group>"; };
		90AFCF3F1E979256009A0F67 /* Truck24UITests.xctest */ = {isa = PBXFileReference; explicitFileType = wrapper.cfbundle; includeInIndex = 0; path = Truck24UITests.xctest; sourceTree = BUILT_PRODUCTS_DIR; };
		90AFCF431E979256009A0F67 /* Truck24UITests.swift */ = {isa = PBXFileReference; lastKnownFileType = sourcecode.swift; path = Truck24UITests.swift; sourceTree = "<group>"; };
		90AFCF451E979256009A0F67 /* Info.plist */ = {isa = PBXFileReference; lastKnownFileType = text.plist.xml; path = Info.plist; sourceTree = "<group>"; };
		90AFCF551E9792C6009A0F67 /* Agreement.swift */ = {isa = PBXFileReference; fileEncoding = 4; lastKnownFileType = sourcecode.swift; name = Agreement.swift; path = ../../Projects/Local_Swift_Projects/Track24/Track24/manage_scripts/Agreement.swift; sourceTree = "<group>"; };
		90AFCF561E9792C6009A0F67 /* ChooseCarType.swift */ = {isa = PBXFileReference; fileEncoding = 4; lastKnownFileType = sourcecode.swift; name = ChooseCarType.swift; path = ../../Projects/Local_Swift_Projects/Track24/Track24/manage_scripts/ChooseCarType.swift; sourceTree = "<group>"; };
		90AFCF581E9792C6009A0F67 /* ChooseType.swift */ = {isa = PBXFileReference; fileEncoding = 4; lastKnownFileType = sourcecode.swift; name = ChooseType.swift; path = ../../Projects/Local_Swift_Projects/Track24/Track24/manage_scripts/ChooseType.swift; sourceTree = "<group>"; };
		90AFCF5A1E9792C6009A0F67 /* Inroduction.swift */ = {isa = PBXFileReference; fileEncoding = 4; lastKnownFileType = sourcecode.swift; name = Inroduction.swift; path = ../../Projects/Local_Swift_Projects/Track24/Track24/manage_scripts/Inroduction.swift; sourceTree = "<group>"; };
		90AFCF5B1E9792C6009A0F67 /* LogInCustomer.swift */ = {isa = PBXFileReference; fileEncoding = 4; lastKnownFileType = sourcecode.swift; name = LogInCustomer.swift; path = ../../Projects/Local_Swift_Projects/Track24/Track24/manage_scripts/LogInCustomer.swift; sourceTree = "<group>"; };
		90AFCF5C1E9792C6009A0F67 /* NearList.swift */ = {isa = PBXFileReference; fileEncoding = 4; lastKnownFileType = sourcecode.swift; name = NearList.swift; path = ../../Projects/Local_Swift_Projects/Track24/Track24/manage_scripts/NearList.swift; sourceTree = "<group>"; };
		90AFCF5D1E9792C6009A0F67 /* PopUpViewController.swift */ = {isa = PBXFileReference; fileEncoding = 4; lastKnownFileType = sourcecode.swift; name = PopUpViewController.swift; path = ../../Projects/Local_Swift_Projects/Track24/Track24/manage_scripts/PopUpViewController.swift; sourceTree = "<group>"; };
		90AFCF5E1E9792C6009A0F67 /* SignInCustomer.swift */ = {isa = PBXFileReference; fileEncoding = 4; lastKnownFileType = sourcecode.swift; name = SignInCustomer.swift; path = ../../Projects/Local_Swift_Projects/Track24/Track24/manage_scripts/SignInCustomer.swift; sourceTree = "<group>"; };
		90AFCF5F1E9792C6009A0F67 /* SignInDriver.swift */ = {isa = PBXFileReference; fileEncoding = 4; lastKnownFileType = sourcecode.swift; name = SignInDriver.swift; path = ../../Projects/Local_Swift_Projects/Track24/Track24/manage_scripts/SignInDriver.swift; sourceTree = "<group>"; };
		90AFCF601E9792C6009A0F67 /* Singleton.swift */ = {isa = PBXFileReference; fileEncoding = 4; lastKnownFileType = sourcecode.swift; name = Singleton.swift; path = ../../Projects/Local_Swift_Projects/Track24/Track24/manage_scripts/Singleton.swift; sourceTree = "<group>"; };
		90AFCF6D1E9792F1009A0F67 /* CarCell.swift */ = {isa = PBXFileReference; fileEncoding = 4; lastKnownFileType = sourcecode.swift; name = CarCell.swift; path = ../../Projects/Local_Swift_Projects/Track24/Track24/Data_scripts/CarCell.swift; sourceTree = "<group>"; };
		90AFCF6E1E9792F1009A0F67 /* CarShort.swift */ = {isa = PBXFileReference; fileEncoding = 4; lastKnownFileType = sourcecode.swift; name = CarShort.swift; path = ../../Projects/Local_Swift_Projects/Track24/Track24/Data_scripts/CarShort.swift; sourceTree = "<group>"; };
		90AFCF6F1E9792F1009A0F67 /* PublicationCell.swift */ = {isa = PBXFileReference; fileEncoding = 4; lastKnownFileType = sourcecode.swift; name = PublicationCell.swift; path = ../../Projects/Local_Swift_Projects/Track24/Track24/Data_scripts/PublicationCell.swift; sourceTree = "<group>"; };
		90AFCF701E9792F1009A0F67 /* TypeCell.swift */ = {isa = PBXFileReference; fileEncoding = 4; lastKnownFileType = sourcecode.swift; name = TypeCell.swift; path = ../../Projects/Local_Swift_Projects/Track24/Track24/Data_scripts/TypeCell.swift; sourceTree = "<group>"; };
		90AFCFC51E97DB38009A0F67 /* backButton.png */ = {isa = PBXFileReference; lastKnownFileType = image.png; name = backButton.png; path = Cach/backButton.png; sourceTree = SOURCE_ROOT; };
		90AFCFC61E97DB38009A0F67 /* call_icon.png */ = {isa = PBXFileReference; lastKnownFileType = image.png; name = call_icon.png; path = Cach/call_icon.png; sourceTree = SOURCE_ROOT; };
		90AFCFC71E97DB38009A0F67 /* car.png */ = {isa = PBXFileReference; lastKnownFileType = image.png; name = car.png; path = Cach/car.png; sourceTree = SOURCE_ROOT; };
		90AFCFC81E97DB38009A0F67 /* check.png */ = {isa = PBXFileReference; lastKnownFileType = image.png; name = check.png; path = Cach/check.png; sourceTree = SOURCE_ROOT; };
		90AFCFC91E97DB38009A0F67 /* checkBlack.png */ = {isa = PBXFileReference; lastKnownFileType = image.png; name = checkBlack.png; path = Cach/checkBlack.png; sourceTree = SOURCE_ROOT; };
		90AFCFCA1E97DB38009A0F67 /* Checked.jpeg */ = {isa = PBXFileReference; lastKnownFileType = image.jpeg; name = Checked.jpeg; path = Cach/Checked.jpeg; sourceTree = SOURCE_ROOT; };
		90AFCFCB1E97DB38009A0F67 /* date.png */ = {isa = PBXFileReference; lastKnownFileType = image.png; name = date.png; path = Cach/date.png; sourceTree = SOURCE_ROOT; };
		90AFCFCC1E97DB38009A0F67 /* driverIntro.jpg */ = {isa = PBXFileReference; lastKnownFileType = image.jpeg; name = driverIntro.jpg; path = Cach/driverIntro.jpg; sourceTree = SOURCE_ROOT; };
		90AFCFCD1E97DB38009A0F67 /* filter.png */ = {isa = PBXFileReference; lastKnownFileType = image.png; name = filter.png; path = Cach/filter.png; sourceTree = SOURCE_ROOT; };
		90AFCFCE1E97DB38009A0F67 /* husan-ios.png */ = {isa = PBXFileReference; lastKnownFileType = image.png; name = "husan-ios.png"; path = "Cach/husan-ios.png"; sourceTree = SOURCE_ROOT; };
		90AFCFCF1E97DB38009A0F67 /* info.png */ = {isa = PBXFileReference; lastKnownFileType = image.png; name = info.png; path = Cach/info.png; sourceTree = SOURCE_ROOT; };
		90AFCFD01E97DB38009A0F67 /* LongRectangle.png */ = {isa = PBXFileReference; lastKnownFileType = image.png; name = LongRectangle.png; path = Cach/LongRectangle.png; sourceTree = SOURCE_ROOT; };
		90AFCFD11E97DB38009A0F67 /* number.png */ = {isa = PBXFileReference; lastKnownFileType = image.png; name = number.png; path = Cach/number.png; sourceTree = SOURCE_ROOT; };
		90AFCFD21E97DB38009A0F67 /* rectangle.png */ = {isa = PBXFileReference; lastKnownFileType = image.png; name = rectangle.png; path = Cach/rectangle.png; sourceTree = SOURCE_ROOT; };
		90AFCFD31E97DB38009A0F67 /* star-gold.png */ = {isa = PBXFileReference; lastKnownFileType = image.png; name = "star-gold.png"; path = "Cach/star-gold.png"; sourceTree = SOURCE_ROOT; };
		90AFCFD41E97DB38009A0F67 /* star-grey.png */ = {isa = PBXFileReference; lastKnownFileType = image.png; name = "star-grey.png"; path = "Cach/star-grey.png"; sourceTree = SOURCE_ROOT; };
		90AFCFD51E97DB38009A0F67 /* Track.png */ = {isa = PBXFileReference; lastKnownFileType = image.png; name = Track.png; path = Cach/Track.png; sourceTree = SOURCE_ROOT; };
		90AFCFD61E97DB38009A0F67 /* Unchecked.jpeg */ = {isa = PBXFileReference; lastKnownFileType = image.jpeg; name = Unchecked.jpeg; path = Cach/Unchecked.jpeg; sourceTree = SOURCE_ROOT; };
		90AFCFD71E97DB38009A0F67 /* user_icon.png */ = {isa = PBXFileReference; lastKnownFileType = image.png; name = user_icon.png; path = Cach/user_icon.png; sourceTree = SOURCE_ROOT; };
		90AFCFD81E97DB38009A0F67 /* UserIntro.jpeg */ = {isa = PBXFileReference; lastKnownFileType = image.jpeg; name = UserIntro.jpeg; path = Cach/UserIntro.jpeg; sourceTree = SOURCE_ROOT; };
		90AFCFD91E97DB38009A0F67 /* weight.png */ = {isa = PBXFileReference; lastKnownFileType = image.png; name = weight.png; path = Cach/weight.png; sourceTree = SOURCE_ROOT; };
		90E5DF4F1E9B4319001BBB6F /* circle_orange.png */ = {isa = PBXFileReference; lastKnownFileType = image.png; name = circle_orange.png; path = Cach/circle_orange.png; sourceTree = SOURCE_ROOT; };
		90E5DF501E9B4319001BBB6F /* rectangle_grey.png */ = {isa = PBXFileReference; lastKnownFileType = image.png; name = rectangle_grey.png; path = Cach/rectangle_grey.png; sourceTree = SOURCE_ROOT; };
		90E5DF531E9B590A001BBB6F /* OrderListForDriver.swift */ = {isa = PBXFileReference; fileEncoding = 4; lastKnownFileType = sourcecode.swift; path = OrderListForDriver.swift; sourceTree = "<group>"; };
		90E5DF551E9B595B001BBB6F /* OrderForDriver.swift */ = {isa = PBXFileReference; fileEncoding = 4; lastKnownFileType = sourcecode.swift; path = OrderForDriver.swift; sourceTree = "<group>"; };
		90E5DF571E9B5A58001BBB6F /* OrderForDriverData.swift */ = {isa = PBXFileReference; fileEncoding = 4; lastKnownFileType = sourcecode.swift; path = OrderForDriverData.swift; sourceTree = "<group>"; };
		90E5DF591E9B8970001BBB6F /* OrderDetails.swift */ = {isa = PBXFileReference; fileEncoding = 4; lastKnownFileType = sourcecode.swift; path = OrderDetails.swift; sourceTree = "<group>"; };
		90E5DF5B1E9BDA00001BBB6F /* OfferDetails.swift */ = {isa = PBXFileReference; fileEncoding = 4; lastKnownFileType = sourcecode.swift; path = OfferDetails.swift; sourceTree = "<group>"; };
		90E5DF5D1E9BDCFA001BBB6F /* Settings.swift */ = {isa = PBXFileReference; fileEncoding = 4; lastKnownFileType = sourcecode.swift; path = Settings.swift; sourceTree = "<group>"; };
		90E5DF5F1E9BE158001BBB6F /* draw-back-sam.jpg */ = {isa = PBXFileReference; lastKnownFileType = image.jpeg; name = "draw-back-sam.jpg"; path = "Cach/draw-back-sam.jpg"; sourceTree = SOURCE_ROOT; };
		90E5DF611E9BE324001BBB6F /* done.png */ = {isa = PBXFileReference; lastKnownFileType = image.png; name = done.png; path = Cach/done.png; sourceTree = SOURCE_ROOT; };
		90E5DF621E9BE324001BBB6F /* help.png */ = {isa = PBXFileReference; lastKnownFileType = image.png; name = help.png; path = Cach/help.png; sourceTree = SOURCE_ROOT; };
		90E5DF631E9BE324001BBB6F /* inProcess.png */ = {isa = PBXFileReference; lastKnownFileType = image.png; name = inProcess.png; path = Cach/inProcess.png; sourceTree = SOURCE_ROOT; };
		90E5DF641E9BE324001BBB6F /* setting.png */ = {isa = PBXFileReference; lastKnownFileType = image.png; name = setting.png; path = Cach/setting.png; sourceTree = SOURCE_ROOT; };
		90E5DF651E9BE324001BBB6F /* user_icon_whte.png */ = {isa = PBXFileReference; lastKnownFileType = image.png; name = user_icon_whte.png; path = Cach/user_icon_whte.png; sourceTree = SOURCE_ROOT; };
		90E5DF6B1E9BF08F001BBB6F /* list.png */ = {isa = PBXFileReference; lastKnownFileType = image.png; name = list.png; path = Cach/list.png; sourceTree = SOURCE_ROOT; };
/* End PBXFileReference section */

/* Begin PBXFrameworksBuildPhase section */
		90AFCF1D1E979256009A0F67 /* Frameworks */ = {
			isa = PBXFrameworksBuildPhase;
			buildActionMask = 2147483647;
			files = (
			);
			runOnlyForDeploymentPostprocessing = 0;
		};
		90AFCF311E979256009A0F67 /* Frameworks */ = {
			isa = PBXFrameworksBuildPhase;
			buildActionMask = 2147483647;
			files = (
			);
			runOnlyForDeploymentPostprocessing = 0;
		};
		90AFCF3C1E979256009A0F67 /* Frameworks */ = {
			isa = PBXFrameworksBuildPhase;
			buildActionMask = 2147483647;
			files = (
			);
			runOnlyForDeploymentPostprocessing = 0;
		};
/* End PBXFrameworksBuildPhase section */

/* Begin PBXGroup section */
		90AFCF171E979256009A0F67 = {
			isa = PBXGroup;
			children = (
				90AFCF221E979256009A0F67 /* Truck24 */,
				90AFCF371E979256009A0F67 /* Truck24Tests */,
				90AFCF421E979256009A0F67 /* Truck24UITests */,
				90AFCF211E979256009A0F67 /* Products */,
			);
			sourceTree = "<group>";
		};
		90AFCF211E979256009A0F67 /* Products */ = {
			isa = PBXGroup;
			children = (
				90AFCF201E979256009A0F67 /* Truck24.app */,
				90AFCF341E979256009A0F67 /* Truck24Tests.xctest */,
				90AFCF3F1E979256009A0F67 /* Truck24UITests.xctest */,
			);
			name = Products;
			sourceTree = "<group>";
		};
		90AFCF221E979256009A0F67 /* Truck24 */ = {
			isa = PBXGroup;
			children = (
				90AFCF9C1E97956C009A0F67 /* UI */,
				90AFCF541E97927D009A0F67 /* data_scripts */,
				90AFCF531E979271009A0F67 /* manage_scripts */,
				90AFCF231E979256009A0F67 /* AppDelegate.swift */,
				90AFCF251E979256009A0F67 /* ViewController.swift */,
				90AFCF271E979256009A0F67 /* Main.storyboard */,
				90AFCF2A1E979256009A0F67 /* Assets.xcassets */,
				90AFCF2C1E979256009A0F67 /* LaunchScreen.storyboard */,
				90AFCF2F1E979256009A0F67 /* Info.plist */,
			);
			path = Truck24;
			sourceTree = "<group>";
		};
		90AFCF371E979256009A0F67 /* Truck24Tests */ = {
			isa = PBXGroup;
			children = (
				90AFCF381E979256009A0F67 /* Truck24Tests.swift */,
				90AFCF3A1E979256009A0F67 /* Info.plist */,
			);
			path = Truck24Tests;
			sourceTree = "<group>";
		};
		90AFCF421E979256009A0F67 /* Truck24UITests */ = {
			isa = PBXGroup;
			children = (
				90AFCF431E979256009A0F67 /* Truck24UITests.swift */,
				90AFCF451E979256009A0F67 /* Info.plist */,
			);
			path = Truck24UITests;
			sourceTree = "<group>";
		};
		90AFCF531E979271009A0F67 /* manage_scripts */ = {
			isa = PBXGroup;
			children = (
				90AFCF551E9792C6009A0F67 /* Agreement.swift */,
				90AFCF561E9792C6009A0F67 /* ChooseCarType.swift */,
				90AFCF581E9792C6009A0F67 /* ChooseType.swift */,
				90AFCF5A1E9792C6009A0F67 /* Inroduction.swift */,
				90AFCF5B1E9792C6009A0F67 /* LogInCustomer.swift */,
				90AFCF5C1E9792C6009A0F67 /* NearList.swift */,
				90AFCF5D1E9792C6009A0F67 /* PopUpViewController.swift */,
				90AFCF5E1E9792C6009A0F67 /* SignInCustomer.swift */,
				90AFCF5F1E9792C6009A0F67 /* SignInDriver.swift */,
				90606AD51E97E58F00471D87 /* SMSVerification.swift */,
				90606ADB1E98E9FC00471D87 /* CarDetails.swift */,
				90606AE51E991AB200471D87 /* MyPublications.swift */,
				908A63621E992E6D0015F4AF /* SetCoordinates.swift */,
				908A63681E9934D20015F4AF /* VSMapView.swift */,
				908A636A1E9940270015F4AF /* CarFilter.swift */,
				908A636C1E994CDE0015F4AF /* AddPublication.swift */,
				908A63701E9A25400015F4AF /* PubDetails.swift */,
				908A63781E9A44B00015F4AF /* NearCarMap.swift */,
				908A637A1E9A45380015F4AF /* PubWayOnMap.swift */,
				908A637C1E9A99600015F4AF /* OffersList.swift */,
				90E5DF531E9B590A001BBB6F /* OrderListForDriver.swift */,
				90E5DF591E9B8970001BBB6F /* OrderDetails.swift */,
				90E5DF5B1E9BDA00001BBB6F /* OfferDetails.swift */,
				90E5DF5D1E9BDCFA001BBB6F /* Settings.swift */,
			);
			name = manage_scripts;
			sourceTree = "<group>";
		};
		90AFCF541E97927D009A0F67 /* data_scripts */ = {
			isa = PBXGroup;
			children = (
				90AFCF601E9792C6009A0F67 /* Singleton.swift */,
				90AFCF6D1E9792F1009A0F67 /* CarCell.swift */,
				90AFCF6E1E9792F1009A0F67 /* CarShort.swift */,
				90AFCF6F1E9792F1009A0F67 /* PublicationCell.swift */,
				90AFCF701E9792F1009A0F67 /* TypeCell.swift */,
				90606AD71E98B14C00471D87 /* CarData.swift */,
				90606AE11E991A8200471D87 /* PublicationData.swift */,
				90606AE31E991A9100471D87 /* Publication.swift */,
				908A63661E99325F0015F4AF /* CarPlacement.swift */,
				908A637E1E9A99860015F4AF /* OfferCell.swift */,
				90E5DF551E9B595B001BBB6F /* OrderForDriver.swift */,
				90E5DF571E9B5A58001BBB6F /* OrderForDriverData.swift */,
				9094E9BA1E9C8F3100542BD6 /* Details.swift */,
			);
			name = data_scripts;
			sourceTree = "<group>";
		};
		90AFCF9C1E97956C009A0F67 /* UI */ = {
			isa = PBXGroup;
			children = (
				9094E9BE1E9CC00600542BD6 /* offer_icon.png */,
				9094E9BC1E9CBF5500542BD6 /* location_black.png */,
				90E5DF6B1E9BF08F001BBB6F /* list.png */,
				90E5DF611E9BE324001BBB6F /* done.png */,
				90E5DF621E9BE324001BBB6F /* help.png */,
				90E5DF631E9BE324001BBB6F /* inProcess.png */,
				90E5DF641E9BE324001BBB6F /* setting.png */,
				90E5DF651E9BE324001BBB6F /* user_icon_whte.png */,
				90E5DF5F1E9BE158001BBB6F /* draw-back-sam.jpg */,
				90E5DF4F1E9B4319001BBB6F /* circle_orange.png */,
				90E5DF501E9B4319001BBB6F /* rectangle_grey.png */,
				908A63761E9A39860015F4AF /* myLocation.png */,
				908A63721E9A393D0015F4AF /* placeLocation.png */,
				908A63731E9A393D0015F4AF /* trackLocation.png */,
				908A636E1E9A22B20015F4AF /* rectangle_orange.png */,
				908A63641E9930EF0015F4AF /* location.png */,
				908A635E1E9927800015F4AF /* myPubs.png */,
				908A635F1E9927800015F4AF /* nearest.png */,
				90606ADD1E990C6C00471D87 /* callButton.png */,
				90606ADE1E990C6C00471D87 /* image_placeholder.png */,
				90606AD91E98C31700471D87 /* placeholder.jpg */,
				90AFCFC51E97DB38009A0F67 /* backButton.png */,
				90AFCFC61E97DB38009A0F67 /* call_icon.png */,
				90AFCFC71E97DB38009A0F67 /* car.png */,
				90AFCFC81E97DB38009A0F67 /* check.png */,
				90AFCFC91E97DB38009A0F67 /* checkBlack.png */,
				90AFCFCA1E97DB38009A0F67 /* Checked.jpeg */,
				90AFCFCB1E97DB38009A0F67 /* date.png */,
				90AFCFCC1E97DB38009A0F67 /* driverIntro.jpg */,
				90AFCFCD1E97DB38009A0F67 /* filter.png */,
				90AFCFCE1E97DB38009A0F67 /* husan-ios.png */,
				90AFCFCF1E97DB38009A0F67 /* info.png */,
				90AFCFD01E97DB38009A0F67 /* LongRectangle.png */,
				90AFCFD11E97DB38009A0F67 /* number.png */,
				90AFCFD21E97DB38009A0F67 /* rectangle.png */,
				90AFCFD31E97DB38009A0F67 /* star-gold.png */,
				90AFCFD41E97DB38009A0F67 /* star-grey.png */,
				90AFCFD51E97DB38009A0F67 /* Track.png */,
				90AFCFD61E97DB38009A0F67 /* Unchecked.jpeg */,
				90AFCFD71E97DB38009A0F67 /* user_icon.png */,
				90AFCFD81E97DB38009A0F67 /* UserIntro.jpeg */,
				90AFCFD91E97DB38009A0F67 /* weight.png */,
			);
			name = UI;
			sourceTree = "<group>";
		};
/* End PBXGroup section */

/* Begin PBXNativeTarget section */
		90AFCF1F1E979256009A0F67 /* Truck24 */ = {
			isa = PBXNativeTarget;
			buildConfigurationList = 90AFCF481E979256009A0F67 /* Build configuration list for PBXNativeTarget "Truck24" */;
			buildPhases = (
				90AFCF1C1E979256009A0F67 /* Sources */,
				90AFCF1D1E979256009A0F67 /* Frameworks */,
				90AFCF1E1E979256009A0F67 /* Resources */,
			);
			buildRules = (
			);
			dependencies = (
			);
			name = Truck24;
			productName = Truck24;
			productReference = 90AFCF201E979256009A0F67 /* Truck24.app */;
			productType = "com.apple.product-type.application";
		};
		90AFCF331E979256009A0F67 /* Truck24Tests */ = {
			isa = PBXNativeTarget;
			buildConfigurationList = 90AFCF4B1E979256009A0F67 /* Build configuration list for PBXNativeTarget "Truck24Tests" */;
			buildPhases = (
				90AFCF301E979256009A0F67 /* Sources */,
				90AFCF311E979256009A0F67 /* Frameworks */,
				90AFCF321E979256009A0F67 /* Resources */,
			);
			buildRules = (
			);
			dependencies = (
				90AFCF361E979256009A0F67 /* PBXTargetDependency */,
			);
			name = Truck24Tests;
			productName = Truck24Tests;
			productReference = 90AFCF341E979256009A0F67 /* Truck24Tests.xctest */;
			productType = "com.apple.product-type.bundle.unit-test";
		};
		90AFCF3E1E979256009A0F67 /* Truck24UITests */ = {
			isa = PBXNativeTarget;
			buildConfigurationList = 90AFCF4E1E979256009A0F67 /* Build configuration list for PBXNativeTarget "Truck24UITests" */;
			buildPhases = (
				90AFCF3B1E979256009A0F67 /* Sources */,
				90AFCF3C1E979256009A0F67 /* Frameworks */,
				90AFCF3D1E979256009A0F67 /* Resources */,
			);
			buildRules = (
			);
			dependencies = (
				90AFCF411E979256009A0F67 /* PBXTargetDependency */,
			);
			name = Truck24UITests;
			productName = Truck24UITests;
			productReference = 90AFCF3F1E979256009A0F67 /* Truck24UITests.xctest */;
			productType = "com.apple.product-type.bundle.ui-testing";
		};
/* End PBXNativeTarget section */

/* Begin PBXProject section */
		90AFCF181E979256009A0F67 /* Project object */ = {
			isa = PBXProject;
			attributes = {
				LastSwiftUpdateCheck = 0830;
				LastUpgradeCheck = 0830;
				ORGANIZATIONNAME = "Khusan Saidvaliev";
				TargetAttributes = {
					90AFCF1F1E979256009A0F67 = {
						CreatedOnToolsVersion = 8.3;
						DevelopmentTeam = 8F7GJ2ANG4;
						ProvisioningStyle = Automatic;
					};
					90AFCF331E979256009A0F67 = {
						CreatedOnToolsVersion = 8.3;
						DevelopmentTeam = 8F7GJ2ANG4;
						ProvisioningStyle = Automatic;
						TestTargetID = 90AFCF1F1E979256009A0F67;
					};
					90AFCF3E1E979256009A0F67 = {
						CreatedOnToolsVersion = 8.3;
						DevelopmentTeam = 8F7GJ2ANG4;
						ProvisioningStyle = Automatic;
						TestTargetID = 90AFCF1F1E979256009A0F67;
					};
				};
			};
			buildConfigurationList = 90AFCF1B1E979256009A0F67 /* Build configuration list for PBXProject "Truck24" */;
			compatibilityVersion = "Xcode 3.2";
			developmentRegion = English;
			hasScannedForEncodings = 0;
			knownRegions = (
				en,
				Base,
			);
			mainGroup = 90AFCF171E979256009A0F67;
			productRefGroup = 90AFCF211E979256009A0F67 /* Products */;
			projectDirPath = "";
			projectRoot = "";
			targets = (
				90AFCF1F1E979256009A0F67 /* Truck24 */,
				90AFCF331E979256009A0F67 /* Truck24Tests */,
				90AFCF3E1E979256009A0F67 /* Truck24UITests */,
			);
		};
/* End PBXProject section */

/* Begin PBXResourcesBuildPhase section */
		90AFCF1E1E979256009A0F67 /* Resources */ = {
			isa = PBXResourcesBuildPhase;
			buildActionMask = 2147483647;
			files = (
				90AFCFDC1E97DB38009A0F67 /* car.png in Resources */,
				90AFCFE61E97DB38009A0F67 /* number.png in Resources */,
				908A63741E9A393D0015F4AF /* placeLocation.png in Resources */,
				908A63611E9927800015F4AF /* nearest.png in Resources */,
				90AFCFDB1E97DB38009A0F67 /* call_icon.png in Resources */,
				90AFCFE91E97DB38009A0F67 /* star-grey.png in Resources */,
				9094E9BD1E9CBF5500542BD6 /* location_black.png in Resources */,
				90AFCFDA1E97DB38009A0F67 /* backButton.png in Resources */,
				90E5DF6C1E9BF08F001BBB6F /* list.png in Resources */,
				90AFCFDD1E97DB38009A0F67 /* check.png in Resources */,
				90E5DF521E9B4319001BBB6F /* rectangle_grey.png in Resources */,
				90AFCFE41E97DB38009A0F67 /* info.png in Resources */,
				90AFCFE21E97DB38009A0F67 /* filter.png in Resources */,
				90AFCFEA1E97DB38009A0F67 /* Track.png in Resources */,
				90AFCFEB1E97DB38009A0F67 /* Unchecked.jpeg in Resources */,
				9094E9BF1E9CC00600542BD6 /* offer_icon.png in Resources */,
				908A63751E9A393D0015F4AF /* trackLocation.png in Resources */,
				90AFCFED1E97DB38009A0F67 /* UserIntro.jpeg in Resources */,
				90AFCFDE1E97DB38009A0F67 /* checkBlack.png in Resources */,
				90AFCFDF1E97DB38009A0F67 /* Checked.jpeg in Resources */,
				90606ADA1E98C31700471D87 /* placeholder.jpg in Resources */,
				90AFCF2E1E979256009A0F67 /* LaunchScreen.storyboard in Resources */,
				90AFCF2B1E979256009A0F67 /* Assets.xcassets in Resources */,
				90E5DF671E9BE324001BBB6F /* help.png in Resources */,
				90E5DF6A1E9BE324001BBB6F /* user_icon_whte.png in Resources */,
				90AFCFE51E97DB38009A0F67 /* LongRectangle.png in Resources */,
				90AFCFEE1E97DB38009A0F67 /* weight.png in Resources */,
				90AFCFE71E97DB38009A0F67 /* rectangle.png in Resources */,
				90606AE01E990C6C00471D87 /* image_placeholder.png in Resources */,
				908A636F1E9A22B20015F4AF /* rectangle_orange.png in Resources */,
				90AFCFE81E97DB38009A0F67 /* star-gold.png in Resources */,
				908A63651E9930EF0015F4AF /* location.png in Resources */,
				90AFCFE01E97DB38009A0F67 /* date.png in Resources */,
				90AFCF291E979256009A0F67 /* Main.storyboard in Resources */,
				90E5DF681E9BE324001BBB6F /* inProcess.png in Resources */,
				90E5DF601E9BE158001BBB6F /* draw-back-sam.jpg in Resources */,
				908A63771E9A39860015F4AF /* myLocation.png in Resources */,
				90E5DF661E9BE324001BBB6F /* done.png in Resources */,
				90AFCFE11E97DB38009A0F67 /* driverIntro.jpg in Resources */,
				90AFCFE31E97DB38009A0F67 /* husan-ios.png in Resources */,
				90E5DF691E9BE324001BBB6F /* setting.png in Resources */,
				908A63601E9927800015F4AF /* myPubs.png in Resources */,
				90AFCFEC1E97DB38009A0F67 /* user_icon.png in Resources */,
				90606ADF1E990C6C00471D87 /* callButton.png in Resources */,
				90E5DF511E9B4319001BBB6F /* circle_orange.png in Resources */,
			);
			runOnlyForDeploymentPostprocessing = 0;
		};
		90AFCF321E979256009A0F67 /* Resources */ = {
			isa = PBXResourcesBuildPhase;
			buildActionMask = 2147483647;
			files = (
			);
			runOnlyForDeploymentPostprocessing = 0;
		};
		90AFCF3D1E979256009A0F67 /* Resources */ = {
			isa = PBXResourcesBuildPhase;
			buildActionMask = 2147483647;
			files = (
			);
			runOnlyForDeploymentPostprocessing = 0;
		};
/* End PBXResourcesBuildPhase section */

/* Begin PBXSourcesBuildPhase section */
		90AFCF1C1E979256009A0F67 /* Sources */ = {
			isa = PBXSourcesBuildPhase;
			buildActionMask = 2147483647;
			files = (
				90606AE41E991A9100471D87 /* Publication.swift in Sources */,
				908A636D1E994CDE0015F4AF /* AddPublication.swift in Sources */,
				90AFCF671E9792C6009A0F67 /* LogInCustomer.swift in Sources */,
				908A636B1E9940270015F4AF /* CarFilter.swift in Sources */,
				90AFCF6C1E9792C6009A0F67 /* Singleton.swift in Sources */,
				90AFCF6A1E9792C6009A0F67 /* SignInCustomer.swift in Sources */,
				90AFCF641E9792C6009A0F67 /* ChooseType.swift in Sources */,
				90E5DF5A1E9B8970001BBB6F /* OrderDetails.swift in Sources */,
				9094E9BB1E9C8F3100542BD6 /* Details.swift in Sources */,
				908A637D1E9A99610015F4AF /* OffersList.swift in Sources */,
				90606ADC1E98E9FC00471D87 /* CarDetails.swift in Sources */,
				90606AE61E991AB200471D87 /* MyPublications.swift in Sources */,
				908A63691E9934D20015F4AF /* VSMapView.swift in Sources */,
				908A63791E9A44B00015F4AF /* NearCarMap.swift in Sources */,
				90AFCF611E9792C6009A0F67 /* Agreement.swift in Sources */,
				90E5DF5C1E9BDA00001BBB6F /* OfferDetails.swift in Sources */,
				90AFCF691E9792C6009A0F67 /* PopUpViewController.swift in Sources */,
				908A63711E9A25400015F4AF /* PubDetails.swift in Sources */,
				90AFCF721E9792F1009A0F67 /* CarShort.swift in Sources */,
				90E5DF5E1E9BDCFA001BBB6F /* Settings.swift in Sources */,
				90AFCF661E9792C6009A0F67 /* Inroduction.swift in Sources */,
				90AFCF261E979256009A0F67 /* ViewController.swift in Sources */,
				90606AD81E98B14C00471D87 /* CarData.swift in Sources */,
				90E5DF581E9B5A58001BBB6F /* OrderForDriverData.swift in Sources */,
				90606AD61E97E58F00471D87 /* SMSVerification.swift in Sources */,
				90606AE21E991A8200471D87 /* PublicationData.swift in Sources */,
				908A63631E992E6D0015F4AF /* SetCoordinates.swift in Sources */,
				90AFCF731E9792F1009A0F67 /* PublicationCell.swift in Sources */,
				90AFCF241E979256009A0F67 /* AppDelegate.swift in Sources */,
				90AFCF741E9792F1009A0F67 /* TypeCell.swift in Sources */,
				90AFCF6B1E9792C6009A0F67 /* SignInDriver.swift in Sources */,
				908A637B1E9A45380015F4AF /* PubWayOnMap.swift in Sources */,
				908A63671E99325F0015F4AF /* CarPlacement.swift in Sources */,
				908A637F1E9A99860015F4AF /* OfferCell.swift in Sources */,
				90E5DF541E9B590A001BBB6F /* OrderListForDriver.swift in Sources */,
				90AFCF621E9792C6009A0F67 /* ChooseCarType.swift in Sources */,
				90AFCF711E9792F1009A0F67 /* CarCell.swift in Sources */,
				90E5DF561E9B595B001BBB6F /* OrderForDriver.swift in Sources */,
				90AFCF681E9792C6009A0F67 /* NearList.swift in Sources */,
			);
			runOnlyForDeploymentPostprocessing = 0;
		};
		90AFCF301E979256009A0F67 /* Sources */ = {
			isa = PBXSourcesBuildPhase;
			buildActionMask = 2147483647;
			files = (
				90AFCF391E979256009A0F67 /* Truck24Tests.swift in Sources */,
			);
			runOnlyForDeploymentPostprocessing = 0;
		};
		90AFCF3B1E979256009A0F67 /* Sources */ = {
			isa = PBXSourcesBuildPhase;
			buildActionMask = 2147483647;
			files = (
				90AFCF441E979256009A0F67 /* Truck24UITests.swift in Sources */,
			);
			runOnlyForDeploymentPostprocessing = 0;
		};
/* End PBXSourcesBuildPhase section */

/* Begin PBXTargetDependency section */
		90AFCF361E979256009A0F67 /* PBXTargetDependency */ = {
			isa = PBXTargetDependency;
			target = 90AFCF1F1E979256009A0F67 /* Truck24 */;
			targetProxy = 90AFCF351E979256009A0F67 /* PBXContainerItemProxy */;
		};
		90AFCF411E979256009A0F67 /* PBXTargetDependency */ = {
			isa = PBXTargetDependency;
			target = 90AFCF1F1E979256009A0F67 /* Truck24 */;
			targetProxy = 90AFCF401E979256009A0F67 /* PBXContainerItemProxy */;
		};
/* End PBXTargetDependency section */

/* Begin PBXVariantGroup section */
		90AFCF271E979256009A0F67 /* Main.storyboard */ = {
			isa = PBXVariantGroup;
			children = (
				90AFCF281E979256009A0F67 /* Base */,
			);
			name = Main.storyboard;
			sourceTree = "<group>";
		};
		90AFCF2C1E979256009A0F67 /* LaunchScreen.storyboard */ = {
			isa = PBXVariantGroup;
			children = (
				90AFCF2D1E979256009A0F67 /* Base */,
			);
			name = LaunchScreen.storyboard;
			sourceTree = "<group>";
		};
/* End PBXVariantGroup section */

/* Begin XCBuildConfiguration section */
		90AFCF461E979256009A0F67 /* Debug */ = {
			isa = XCBuildConfiguration;
			buildSettings = {
				ALWAYS_SEARCH_USER_PATHS = NO;
				CLANG_ANALYZER_NONNULL = YES;
				CLANG_ANALYZER_NUMBER_OBJECT_CONVERSION = YES_AGGRESSIVE;
				CLANG_CXX_LANGUAGE_STANDARD = "gnu++0x";
				CLANG_CXX_LIBRARY = "libc++";
				CLANG_ENABLE_MODULES = YES;
				CLANG_ENABLE_OBJC_ARC = YES;
				CLANG_WARN_BOOL_CONVERSION = YES;
				CLANG_WARN_CONSTANT_CONVERSION = YES;
				CLANG_WARN_DIRECT_OBJC_ISA_USAGE = YES_ERROR;
				CLANG_WARN_DOCUMENTATION_COMMENTS = YES;
				CLANG_WARN_EMPTY_BODY = YES;
				CLANG_WARN_ENUM_CONVERSION = YES;
				CLANG_WARN_INFINITE_RECURSION = YES;
				CLANG_WARN_INT_CONVERSION = YES;
				CLANG_WARN_OBJC_ROOT_CLASS = YES_ERROR;
				CLANG_WARN_SUSPICIOUS_MOVE = YES;
				CLANG_WARN_UNREACHABLE_CODE = YES;
				CLANG_WARN__DUPLICATE_METHOD_MATCH = YES;
				"CODE_SIGN_IDENTITY[sdk=iphoneos*]" = "iPhone Developer";
				COPY_PHASE_STRIP = NO;
				DEBUG_INFORMATION_FORMAT = dwarf;
				ENABLE_STRICT_OBJC_MSGSEND = YES;
				ENABLE_TESTABILITY = YES;
				GCC_C_LANGUAGE_STANDARD = gnu99;
				GCC_DYNAMIC_NO_PIC = NO;
				GCC_NO_COMMON_BLOCKS = YES;
				GCC_OPTIMIZATION_LEVEL = 0;
				GCC_PREPROCESSOR_DEFINITIONS = (
					"DEBUG=1",
					"$(inherited)",
				);
				GCC_WARN_64_TO_32_BIT_CONVERSION = YES;
				GCC_WARN_ABOUT_RETURN_TYPE = YES_ERROR;
				GCC_WARN_UNDECLARED_SELECTOR = YES;
				GCC_WARN_UNINITIALIZED_AUTOS = YES_AGGRESSIVE;
				GCC_WARN_UNUSED_FUNCTION = YES;
				GCC_WARN_UNUSED_VARIABLE = YES;
				IPHONEOS_DEPLOYMENT_TARGET = 10.3;
				MTL_ENABLE_DEBUG_INFO = YES;
				ONLY_ACTIVE_ARCH = YES;
				SDKROOT = iphoneos;
				SWIFT_ACTIVE_COMPILATION_CONDITIONS = DEBUG;
				SWIFT_OPTIMIZATION_LEVEL = "-Onone";
			};
			name = Debug;
		};
		90AFCF471E979256009A0F67 /* Release */ = {
			isa = XCBuildConfiguration;
			buildSettings = {
				ALWAYS_SEARCH_USER_PATHS = NO;
				CLANG_ANALYZER_NONNULL = YES;
				CLANG_ANALYZER_NUMBER_OBJECT_CONVERSION = YES_AGGRESSIVE;
				CLANG_CXX_LANGUAGE_STANDARD = "gnu++0x";
				CLANG_CXX_LIBRARY = "libc++";
				CLANG_ENABLE_MODULES = YES;
				CLANG_ENABLE_OBJC_ARC = YES;
				CLANG_WARN_BOOL_CONVERSION = YES;
				CLANG_WARN_CONSTANT_CONVERSION = YES;
				CLANG_WARN_DIRECT_OBJC_ISA_USAGE = YES_ERROR;
				CLANG_WARN_DOCUMENTATION_COMMENTS = YES;
				CLANG_WARN_EMPTY_BODY = YES;
				CLANG_WARN_ENUM_CONVERSION = YES;
				CLANG_WARN_INFINITE_RECURSION = YES;
				CLANG_WARN_INT_CONVERSION = YES;
				CLANG_WARN_OBJC_ROOT_CLASS = YES_ERROR;
				CLANG_WARN_SUSPICIOUS_MOVE = YES;
				CLANG_WARN_UNREACHABLE_CODE = YES;
				CLANG_WARN__DUPLICATE_METHOD_MATCH = YES;
				"CODE_SIGN_IDENTITY[sdk=iphoneos*]" = "iPhone Developer";
				COPY_PHASE_STRIP = NO;
				DEBUG_INFORMATION_FORMAT = "dwarf-with-dsym";
				ENABLE_NS_ASSERTIONS = NO;
				ENABLE_STRICT_OBJC_MSGSEND = YES;
				GCC_C_LANGUAGE_STANDARD = gnu99;
				GCC_NO_COMMON_BLOCKS = YES;
				GCC_WARN_64_TO_32_BIT_CONVERSION = YES;
				GCC_WARN_ABOUT_RETURN_TYPE = YES_ERROR;
				GCC_WARN_UNDECLARED_SELECTOR = YES;
				GCC_WARN_UNINITIALIZED_AUTOS = YES_AGGRESSIVE;
				GCC_WARN_UNUSED_FUNCTION = YES;
				GCC_WARN_UNUSED_VARIABLE = YES;
				IPHONEOS_DEPLOYMENT_TARGET = 10.3;
				MTL_ENABLE_DEBUG_INFO = NO;
				SDKROOT = iphoneos;
				SWIFT_OPTIMIZATION_LEVEL = "-Owholemodule";
				VALIDATE_PRODUCT = YES;
			};
			name = Release;
		};
		90AFCF491E979256009A0F67 /* Debug */ = {
			isa = XCBuildConfiguration;
			buildSettings = {
				ASSETCATALOG_COMPILER_APPICON_NAME = AppIcon;
				"CODE_SIGN_IDENTITY[sdk=iphoneos*]" = "iPhone Developer";
				DEVELOPMENT_TEAM = 8F7GJ2ANG4;
				INFOPLIST_FILE = Truck24/Info.plist;
				LD_RUNPATH_SEARCH_PATHS = "$(inherited) @executable_path/Frameworks";
				PRODUCT_BUNDLE_IDENTIFIER = "com.MaCBook-air.Truck24";
				PRODUCT_NAME = "$(TARGET_NAME)";
				PROVISIONING_PROFILE_SPECIFIER = "";
				SWIFT_VERSION = 3.0;
			};
			name = Debug;
		};
		90AFCF4A1E979256009A0F67 /* Release */ = {
			isa = XCBuildConfiguration;
			buildSettings = {
				ASSETCATALOG_COMPILER_APPICON_NAME = AppIcon;
				"CODE_SIGN_IDENTITY[sdk=iphoneos*]" = "iPhone Developer";
				DEVELOPMENT_TEAM = 8F7GJ2ANG4;
				INFOPLIST_FILE = Truck24/Info.plist;
				LD_RUNPATH_SEARCH_PATHS = "$(inherited) @executable_path/Frameworks";
				PRODUCT_BUNDLE_IDENTIFIER = "com.MaCBook-air.Truck24";
				PRODUCT_NAME = "$(TARGET_NAME)";
				PROVISIONING_PROFILE_SPECIFIER = "";
				SWIFT_VERSION = 3.0;
			};
			name = Release;
		};
		90AFCF4C1E979256009A0F67 /* Debug */ = {
			isa = XCBuildConfiguration;
			buildSettings = {
				ALWAYS_EMBED_SWIFT_STANDARD_LIBRARIES = YES;
				BUNDLE_LOADER = "$(TEST_HOST)";
				DEVELOPMENT_TEAM = 8F7GJ2ANG4;
				INFOPLIST_FILE = Truck24Tests/Info.plist;
				LD_RUNPATH_SEARCH_PATHS = "$(inherited) @executable_path/Frameworks @loader_path/Frameworks";
				PRODUCT_BUNDLE_IDENTIFIER = "com.MaCBook-air.Truck24Tests";
				PRODUCT_NAME = "$(TARGET_NAME)";
				SWIFT_VERSION = 3.0;
				TEST_HOST = "$(BUILT_PRODUCTS_DIR)/Truck24.app/Truck24";
			};
			name = Debug;
		};
		90AFCF4D1E979256009A0F67 /* Release */ = {
			isa = XCBuildConfiguration;
			buildSettings = {
				ALWAYS_EMBED_SWIFT_STANDARD_LIBRARIES = YES;
				BUNDLE_LOADER = "$(TEST_HOST)";
				DEVELOPMENT_TEAM = 8F7GJ2ANG4;
				INFOPLIST_FILE = Truck24Tests/Info.plist;
				LD_RUNPATH_SEARCH_PATHS = "$(inherited) @executable_path/Frameworks @loader_path/Frameworks";
				PRODUCT_BUNDLE_IDENTIFIER = "com.MaCBook-air.Truck24Tests";
				PRODUCT_NAME = "$(TARGET_NAME)";
				SWIFT_VERSION = 3.0;
				TEST_HOST = "$(BUILT_PRODUCTS_DIR)/Truck24.app/Truck24";
			};
			name = Release;
		};
		90AFCF4F1E979256009A0F67 /* Debug */ = {
			isa = XCBuildConfiguration;
			buildSettings = {
				ALWAYS_EMBED_SWIFT_STANDARD_LIBRARIES = YES;
				DEVELOPMENT_TEAM = 8F7GJ2ANG4;
				INFOPLIST_FILE = Truck24UITests/Info.plist;
				LD_RUNPATH_SEARCH_PATHS = "$(inherited) @executable_path/Frameworks @loader_path/Frameworks";
				PRODUCT_BUNDLE_IDENTIFIER = "com.MaCBook-air.Truck24UITests";
				PRODUCT_NAME = "$(TARGET_NAME)";
				SWIFT_VERSION = 3.0;
				TEST_TARGET_NAME = Truck24;
			};
			name = Debug;
		};
		90AFCF501E979256009A0F67 /* Release */ = {
			isa = XCBuildConfiguration;
			buildSettings = {
				ALWAYS_EMBED_SWIFT_STANDARD_LIBRARIES = YES;
				DEVELOPMENT_TEAM = 8F7GJ2ANG4;
				INFOPLIST_FILE = Truck24UITests/Info.plist;
				LD_RUNPATH_SEARCH_PATHS = "$(inherited) @executable_path/Frameworks @loader_path/Frameworks";
				PRODUCT_BUNDLE_IDENTIFIER = "com.MaCBook-air.Truck24UITests";
				PRODUCT_NAME = "$(TARGET_NAME)";
				SWIFT_VERSION = 3.0;
				TEST_TARGET_NAME = Truck24;
			};
			name = Release;
		};
/* End XCBuildConfiguration section */

/* Begin XCConfigurationList section */
		90AFCF1B1E979256009A0F67 /* Build configuration list for PBXProject "Truck24" */ = {
			isa = XCConfigurationList;
			buildConfigurations = (
				90AFCF461E979256009A0F67 /* Debug */,
				90AFCF471E979256009A0F67 /* Release */,
			);
			defaultConfigurationIsVisible = 0;
			defaultConfigurationName = Release;
		};
		90AFCF481E979256009A0F67 /* Build configuration list for PBXNativeTarget "Truck24" */ = {
			isa = XCConfigurationList;
			buildConfigurations = (
				90AFCF491E979256009A0F67 /* Debug */,
				90AFCF4A1E979256009A0F67 /* Release */,
			);
			defaultConfigurationIsVisible = 0;
			defaultConfigurationName = Release;
		};
		90AFCF4B1E979256009A0F67 /* Build configuration list for PBXNativeTarget "Truck24Tests" */ = {
			isa = XCConfigurationList;
			buildConfigurations = (
				90AFCF4C1E979256009A0F67 /* Debug */,
				90AFCF4D1E979256009A0F67 /* Release */,
			);
			defaultConfigurationIsVisible = 0;
			defaultConfigurationName = Release;
		};
		90AFCF4E1E979256009A0F67 /* Build configuration list for PBXNativeTarget "Truck24UITests" */ = {
			isa = XCConfigurationList;
			buildConfigurations = (
				90AFCF4F1E979256009A0F67 /* Debug */,
				90AFCF501E979256009A0F67 /* Release */,
			);
			defaultConfigurationIsVisible = 0;
			defaultConfigurationName = Release;
		};
/* End XCConfigurationList section */
	};
	rootObject = 90AFCF181E979256009A0F67 /* Project object */;
}
